{
  "name": "a6h15hek",
  "version": "1.0.0",
  "lockfileVersion": 3,
  "requires": true,
  "packages": {
    "": {
      "name": "a6h15hek",
      "version": "1.0.0",
      "license": "ISC",
      "dependencies": {
        "@pspdfkit/nodejs": "^0.0.4"
      }
    },
    "node_modules/@pspdfkit/nodejs": {
      "version": "0.0.4",
      "resolved": "https://registry.npmjs.org/@pspdfkit/nodejs/-/nodejs-0.0.4.tgz",
      "integrity": "sha512-/PY8hTZTUlzGhqzGkJ5PKRNZZapMKplrt2kXXhv/zZ5gFI2KPAwhtT8ND6lNOJq2FxTn2wqZNe//nHKlLS3MaA=="
    }
  }
}
